
Microsoft Visual Studio Solution File, Format Version 12.00
# Visual Studio Version 17
VisualStudioVersion = 17.12.35514.174
MinimumVisualStudioVersion = 10.0.40219.1
Project("{FAE04EC0-301F-11D3-BF4B-00C04F79EFBC}") = "ChillSpot", "ChillSpot.csproj", "{52ECA1BB-3077-407A-97F8-C662DB95D5AE}"
EndProject
Global
	GlobalSection(SolutionConfigurationPlatforms) = preSolution
		Debug|Any CPU = Debug|Any CPU
		Release|Any CPU = Release|Any CPU
	EndGlobalSection
	GlobalSection(ProjectConfigurationPlatforms) = postSolution
		{52ECA1BB-3077-407A-97F8-C662DB95D5AE}.Debug|Any CPU.ActiveCfg = Debug|Any CPU
		{52ECA1BB-3077-407A-97F8-C662DB95D5AE}.Debug|Any CPU.Build.0 = Debug|Any CPU
		{52ECA1BB-3077-407A-97F8-C662DB95D5AE}.Release|Any CPU.ActiveCfg = Release|Any CPU
		{52ECA1BB-3077-407A-97F8-C662DB95D5AE}.Release|Any CPU.Build.0 = Release|Any CPU
	EndGlobalSection
	GlobalSection(SolutionProperties) = preSolution
		HideSolutionNode = FALSE
	EndGlobalSection
EndGlobal
